
Microsoft Visual Studio Solution File, Format Version 12.00
# Visual Studio Version 17
VisualStudioVersion = 17.13.35913.81 d17.13
MinimumVisualStudioVersion = 10.0.40219.1
Project("{FAE04EC0-301F-11D3-BF4B-00C04F79EFBC}") = "ICCMS-Web", "ICCMS-Web\ICCMS-Web.csproj", "{31A0FEDE-EE85-4D2A-B56C-946AB7EC0322}"
EndProject
Global
	GlobalSection(SolutionConfigurationPlatforms) = preSolution
		Debug|Any CPU = Debug|Any CPU
		Release|Any CPU = Release|Any CPU
	EndGlobalSection
	GlobalSection(ProjectConfigurationPlatforms) = postSolution
		{31A0FEDE-EE85-4D2A-B56C-946AB7EC0322}.Debug|Any CPU.ActiveCfg = Debug|Any CPU
		{31A0FEDE-EE85-4D2A-B56C-946AB7EC0322}.Debug|Any CPU.Build.0 = Debug|Any CPU
		{31A0FEDE-EE85-4D2A-B56C-946AB7EC0322}.Release|Any CPU.ActiveCfg = Release|Any CPU
		{31A0FEDE-EE85-4D2A-B56C-946AB7EC0322}.Release|Any CPU.Build.0 = Release|Any CPU
	EndGlobalSection
	GlobalSection(SolutionProperties) = preSolution
		HideSolutionNode = FALSE
	EndGlobalSection
	GlobalSection(ExtensibilityGlobals) = postSolution
		SolutionGuid = {A79DAF3D-2DFD-4C7E-A67F-761A376340E6}
	EndGlobalSection
EndGlobal
